
Microsoft Visual Studio Solution File, Format Version 12.00
# Visual Studio Version 17
VisualStudioVersion = 17.9.34622.214
MinimumVisualStudioVersion = 10.0.40219.1
Project("{FAE04EC0-301F-11D3-BF4B-00C04F79EFBC}") = "Orient.Runtime", "Orient.Runtime\Orient.Runtime.csproj", "{2AF5E186-AF0F-5F12-A6F8-E34283CFF8B1}"
EndProject
Project("{FAE04EC0-301F-11D3-BF4B-00C04F79EFBC}") = "Orient.Rpc", "Orient.Rpc\Orient.Rpc.csproj", "{3BF6F297-BF10-6F23-B7F9-F45394DFF9C2}"
EndProject
Project("{FAE04EC0-301F-11D3-BF4B-00C04F79EFBC}") = "HelloWorldServer", "Example\HelloWorld\Server\HelloWorldServer.csproj", "{7CFE9DA8-498E-46B9-A3F1-7860B7E313EA}"
EndProject
Project("{FAE04EC0-301F-11D3-BF4B-00C04F79EFBC}") = "HelloWorldClient", "Example\HelloWorld\Client\HelloWorldClient.csproj", "{D8FC7197-D447-4577-A789-A2B7AB81546D}"
EndProject
Project("{2150E333-8FDC-42A3-9474-1A3956D46DE8}") = "Tests", "Tests", "{3D3C20CD-0A65-4D17-AFD7-50E0648EE450}"
EndProject
Project("{FAE04EC0-301F-11D3-BF4B-00C04F79EFBC}") = "Orient.Tests", "Tests\Orient.Tests\Orient.Tests.csproj", "{CD3A3253-6E5A-452B-816C-C4BA1FF0F1DF}"
EndProject
Project("{FAE04EC0-301F-11D3-BF4B-00C04F79EFBC}") = "Orient.TestHelper", "Orient.TestHelper\Orient.TestHelper.csproj", "{870855F5-9434-4D14-A1DB-E78935BC4AA6}"
EndProject
Project("{FAE04EC0-301F-11D3-BF4B-00C04F79EFBC}") = "GateWay.Core", "Example\GateWay\GateWay.Core\GateWay.Core.csproj", "{A1B2C3D4-E5F6-7890-ABCD-EF1234567891}"
EndProject
Project("{FAE04EC0-301F-11D3-BF4B-00C04F79EFBC}") = "GateWayServer", "Example\GateWay\GateWayServer\GateWayServer.csproj", "{4A3B2C1D-5E6F-7A8B-9C0D-1E2F3A4B5C6D}"
EndProject
Project("{FAE04EC0-301F-11D3-BF4B-00C04F79EFBC}") = "GateWayClient", "Example\GateWay\Client\GateWayClient.csproj", "{5B4C3D2E-6F7A-8B9C-0D1E-2F3A4B5C6D7E}"
EndProject
Project("{FAE04EC0-301F-11D3-BF4B-00C04F79EFBC}") = "Orient.DataManager", "Orient.DataManager\Orient.DataManager.csproj", "{962CFA73-6F3A-4EE2-A325-50C54927DC17}"
EndProject
Global
	GlobalSection(SolutionConfigurationPlatforms) = preSolution
		Debug|Any CPU = Debug|Any CPU
		Release|Any CPU = Release|Any CPU
	EndGlobalSection
	GlobalSection(ProjectConfigurationPlatforms) = postSolution
		{2AF5E186-AF0F-5F12-A6F8-E34283CFF8B1}.Debug|Any CPU.ActiveCfg = Debug|Any CPU
		{2AF5E186-AF0F-5F12-A6F8-E34283CFF8B1}.Debug|Any CPU.Build.0 = Debug|Any CPU
		{2AF5E186-AF0F-5F12-A6F8-E34283CFF8B1}.Release|Any CPU.ActiveCfg = Release|Any CPU
		{2AF5E186-AF0F-5F12-A6F8-E34283CFF8B1}.Release|Any CPU.Build.0 = Release|Any CPU
		{3BF6F297-BF10-6F23-B7F9-F45394DFF9C2}.Debug|Any CPU.ActiveCfg = Debug|Any CPU
		{3BF6F297-BF10-6F23-B7F9-F45394DFF9C2}.Debug|Any CPU.Build.0 = Debug|Any CPU
		{3BF6F297-BF10-6F23-B7F9-F45394DFF9C2}.Release|Any CPU.ActiveCfg = Release|Any CPU
		{3BF6F297-BF10-6F23-B7F9-F45394DFF9C2}.Release|Any CPU.Build.0 = Release|Any CPU
		{7CFE9DA8-498E-46B9-A3F1-7860B7E313EA}.Debug|Any CPU.ActiveCfg = Debug|Any CPU
		{7CFE9DA8-498E-46B9-A3F1-7860B7E313EA}.Debug|Any CPU.Build.0 = Debug|Any CPU
		{7CFE9DA8-498E-46B9-A3F1-7860B7E313EA}.Release|Any CPU.ActiveCfg = Release|Any CPU
		{7CFE9DA8-498E-46B9-A3F1-7860B7E313EA}.Release|Any CPU.Build.0 = Release|Any CPU
		{D8FC7197-D447-4577-A789-A2B7AB81546D}.Debug|Any CPU.ActiveCfg = Debug|Any CPU
		{D8FC7197-D447-4577-A789-A2B7AB81546D}.Debug|Any CPU.Build.0 = Debug|Any CPU
		{D8FC7197-D447-4577-A789-A2B7AB81546D}.Release|Any CPU.ActiveCfg = Release|Any CPU
		{D8FC7197-D447-4577-A789-A2B7AB81546D}.Release|Any CPU.Build.0 = Release|Any CPU
		{CD3A3253-6E5A-452B-816C-C4BA1FF0F1DF}.Debug|Any CPU.ActiveCfg = Debug|Any CPU
		{CD3A3253-6E5A-452B-816C-C4BA1FF0F1DF}.Debug|Any CPU.Build.0 = Debug|Any CPU
		{CD3A3253-6E5A-452B-816C-C4BA1FF0F1DF}.Release|Any CPU.ActiveCfg = Release|Any CPU
		{CD3A3253-6E5A-452B-816C-C4BA1FF0F1DF}.Release|Any CPU.Build.0 = Release|Any CPU
		{870855F5-9434-4D14-A1DB-E78935BC4AA6}.Debug|Any CPU.ActiveCfg = Debug|Any CPU
		{870855F5-9434-4D14-A1DB-E78935BC4AA6}.Debug|Any CPU.Build.0 = Debug|Any CPU
		{870855F5-9434-4D14-A1DB-E78935BC4AA6}.Release|Any CPU.ActiveCfg = Release|Any CPU
		{870855F5-9434-4D14-A1DB-E78935BC4AA6}.Release|Any CPU.Build.0 = Release|Any CPU
		{A1B2C3D4-E5F6-7890-ABCD-EF1234567891}.Debug|Any CPU.ActiveCfg = Debug|Any CPU
		{A1B2C3D4-E5F6-7890-ABCD-EF1234567891}.Debug|Any CPU.Build.0 = Debug|Any CPU
		{A1B2C3D4-E5F6-7890-ABCD-EF1234567891}.Release|Any CPU.ActiveCfg = Release|Any CPU
		{A1B2C3D4-E5F6-7890-ABCD-EF1234567891}.Release|Any CPU.Build.0 = Release|Any CPU
		{4A3B2C1D-5E6F-7A8B-9C0D-1E2F3A4B5C6D}.Debug|Any CPU.ActiveCfg = Debug|Any CPU
		{4A3B2C1D-5E6F-7A8B-9C0D-1E2F3A4B5C6D}.Debug|Any CPU.Build.0 = Debug|Any CPU
		{4A3B2C1D-5E6F-7A8B-9C0D-1E2F3A4B5C6D}.Release|Any CPU.ActiveCfg = Release|Any CPU
		{4A3B2C1D-5E6F-7A8B-9C0D-1E2F3A4B5C6D}.Release|Any CPU.Build.0 = Release|Any CPU
		{5B4C3D2E-6F7A-8B9C-0D1E-2F3A4B5C6D7E}.Debug|Any CPU.ActiveCfg = Debug|Any CPU
		{5B4C3D2E-6F7A-8B9C-0D1E-2F3A4B5C6D7E}.Debug|Any CPU.Build.0 = Debug|Any CPU
		{5B4C3D2E-6F7A-8B9C-0D1E-2F3A4B5C6D7E}.Release|Any CPU.ActiveCfg = Release|Any CPU
		{5B4C3D2E-6F7A-8B9C-0D1E-2F3A4B5C6D7E}.Release|Any CPU.Build.0 = Release|Any CPU
		{962CFA73-6F3A-4EE2-A325-50C54927DC17}.Debug|Any CPU.ActiveCfg = Debug|Any CPU
		{962CFA73-6F3A-4EE2-A325-50C54927DC17}.Debug|Any CPU.Build.0 = Debug|Any CPU
		{962CFA73-6F3A-4EE2-A325-50C54927DC17}.Release|Any CPU.ActiveCfg = Release|Any CPU
		{962CFA73-6F3A-4EE2-A325-50C54927DC17}.Release|Any CPU.Build.0 = Release|Any CPU
	EndGlobalSection
	GlobalSection(SolutionProperties) = preSolution
		HideSolutionNode = FALSE
	EndGlobalSection
	GlobalSection(ExtensibilityGlobals) = postSolution
		SolutionGuid = {85697249-FACE-4459-97C6-23EAE11CA5EF}
	EndGlobalSection
	GlobalSection(NestedProjects) = preSolution
		{CD3A3253-6E5A-452B-816C-C4BA1FF0F1DF} = {3D3C20CD-0A65-4D17-AFD7-50E0648EE450}
	EndGlobalSection
EndGlobal
